
Microsoft Visual Studio Solution File, Format Version 12.00
# Visual Studio Version 16
VisualStudioVersion = 16.0.31613.86
MinimumVisualStudioVersion = 10.0.40219.1
Project("{FAE04EC0-301F-11D3-BF4B-00C04F79EFBC}") = "Pet.AppMvc", "src\Pet.AppMvc\Pet.AppMvc.csproj", "{BEE01E37-38E9-460B-9FAA-69457FC0D5BF}"
EndProject
Project("{FAE04EC0-301F-11D3-BF4B-00C04F79EFBC}") = "Pet.Business", "src\Pet.Business\Pet.Business.csproj", "{3195D7D7-2BA1-4841-B2BA-2ACA59F476EB}"
EndProject
Project("{FAE04EC0-301F-11D3-BF4B-00C04F79EFBC}") = "Pet.Infra", "src\Pet.Infra\Pet.Infra.csproj", "{CDDC1808-B375-4E1C-A6FF-4EE49CA66D3D}"
EndProject
Global
	GlobalSection(SolutionConfigurationPlatforms) = preSolution
		Debug|Any CPU = Debug|Any CPU
		Release|Any CPU = Release|Any CPU
	EndGlobalSection
	GlobalSection(ProjectConfigurationPlatforms) = postSolution
		{BEE01E37-38E9-460B-9FAA-69457FC0D5BF}.Debug|Any CPU.ActiveCfg = Debug|Any CPU
		{BEE01E37-38E9-460B-9FAA-69457FC0D5BF}.Debug|Any CPU.Build.0 = Debug|Any CPU
		{BEE01E37-38E9-460B-9FAA-69457FC0D5BF}.Release|Any CPU.ActiveCfg = Release|Any CPU
		{BEE01E37-38E9-460B-9FAA-69457FC0D5BF}.Release|Any CPU.Build.0 = Release|Any CPU
		{3195D7D7-2BA1-4841-B2BA-2ACA59F476EB}.Debug|Any CPU.ActiveCfg = Debug|Any CPU
		{3195D7D7-2BA1-4841-B2BA-2ACA59F476EB}.Debug|Any CPU.Build.0 = Debug|Any CPU
		{3195D7D7-2BA1-4841-B2BA-2ACA59F476EB}.Release|Any CPU.ActiveCfg = Release|Any CPU
		{3195D7D7-2BA1-4841-B2BA-2ACA59F476EB}.Release|Any CPU.Build.0 = Release|Any CPU
		{CDDC1808-B375-4E1C-A6FF-4EE49CA66D3D}.Debug|Any CPU.ActiveCfg = Debug|Any CPU
		{CDDC1808-B375-4E1C-A6FF-4EE49CA66D3D}.Debug|Any CPU.Build.0 = Debug|Any CPU
		{CDDC1808-B375-4E1C-A6FF-4EE49CA66D3D}.Release|Any CPU.ActiveCfg = Release|Any CPU
		{CDDC1808-B375-4E1C-A6FF-4EE49CA66D3D}.Release|Any CPU.Build.0 = Release|Any CPU
	EndGlobalSection
	GlobalSection(SolutionProperties) = preSolution
		HideSolutionNode = FALSE
	EndGlobalSection
	GlobalSection(ExtensibilityGlobals) = postSolution
		SolutionGuid = {A553C820-BA50-4177-8220-BEA4EB45BDC9}
	EndGlobalSection
EndGlobal
